<?xml version="1.0" encoding="utf-8"?>
<Project ToolsVersion="4.0" xmlns="http://schemas.microsoft.com/developer/msbuild/2003">
  <ItemGroup>
    <ClInclude Include="DuviriTarot.hpp" />
    <ClInclude Include="squad.hpp" />
    <ClInclude Include="mission.hpp" />
    <ClInclude Include="screenshot.hpp" />
    <ClInclude Include="Inventory.hpp" />
    <ClInclude Include="LogDevotee.hpp" />
    <ClInclude Include="stdout.hpp" />
    <ClInclude Include="GeoIpService.hpp" />
    <ClInclude Include="ProcessWatcher.hpp" />
    <ClInclude Include="WindowCommons.hpp" />
    <ClInclude Include="Overlay.hpp" />
    <ClInclude Include="WorldState.hpp" />
    <ClInclude Include="main.hpp" />
    <ClInclude Include="resource.h" />
    <ClInclude Include="data.hpp">
      <Filter>data</Filter>
    </ClInclude>
    <ClInclude Include="DataCache.hpp" />
  </ItemGroup>
  <ItemGroup>
    <ClCompile Include="main.cpp" />
    <ClCompile Include="LogDevotee.cpp" />
    <ClCompile Include="GeoIpService.cpp" />
    <ClCompile Include="ProcessWatcher.cpp" />
    <ClCompile Include="Inventory.cpp" />
    <ClCompile Include="Overlay.cpp" />
    <ClCompile Include="WorldState.cpp" />
    <ClCompile Include="data_solnodes.cpp">
      <Filter>data</Filter>
    </ClCompile>
    <ClCompile Include="data_codenames.cpp">
      <Filter>data</Filter>
    </ClCompile>
    <ClCompile Include="data_recipes.cpp">
      <Filter>data</Filter>
    </ClCompile>
    <ClCompile Include="DataCache.cpp" />
    <ClCompile Include="DuviriTarot.cpp" />
    <ClCompile Include="data_ingredients.cpp">
      <Filter>data</Filter>
    </ClCompile>
  </ItemGroup>
  <ItemGroup>
    <Filter Include="resources">
      <UniqueIdentifier>{3bf8b1b7-cad1-43c7-9375-09fa9086e756}</UniqueIdentifier>
    </Filter>
    <Filter Include="data">
      <UniqueIdentifier>{33981c89-6995-438f-869e-1ee41f278527}</UniqueIdentifier>
    </Filter>
  </ItemGroup>
  <ItemGroup>
    <ResourceCompile Include="Sentinel.rc">
      <Filter>resources</Filter>
    </ResourceCompile>
  </ItemGroup>
  <ItemGroup>
    <Image Include="icon.ico">
      <Filter>resources</Filter>
    </Image>
  </ItemGroup>
</Project>